
Microsoft Visual Studio Solution File, Format Version 12.00
# Visual Studio Version 16
VisualStudioVersion = 16.0.29926.136
MinimumVisualStudioVersion = 10.0.40219.1
Project("{FAE04EC0-301F-11D3-BF4B-00C04F79EFBC}") = "Server", "Server\Server.csproj", "{9DEF9679-7B6D-4410-8B71-7EB68C034B6F}"
EndProject
Project("{FAE04EC0-301F-11D3-BF4B-00C04F79EFBC}") = "Client", "Client\Client.csproj", "{15793E00-EF26-4FFE-8291-8FC6EF3F85A4}"
EndProject
Global
	GlobalSection(SolutionConfigurationPlatforms) = preSolution
		Debug|Any CPU = Debug|Any CPU
		Release|Any CPU = Release|Any CPU
	EndGlobalSection
	GlobalSection(ProjectConfigurationPlatforms) = postSolution
		{9DEF9679-7B6D-4410-8B71-7EB68C034B6F}.Debug|Any CPU.ActiveCfg = Debug|Any CPU
		{9DEF9679-7B6D-4410-8B71-7EB68C034B6F}.Debug|Any CPU.Build.0 = Debug|Any CPU
		{9DEF9679-7B6D-4410-8B71-7EB68C034B6F}.Release|Any CPU.ActiveCfg = Release|Any CPU
		{9DEF9679-7B6D-4410-8B71-7EB68C034B6F}.Release|Any CPU.Build.0 = Release|Any CPU
		{15793E00-EF26-4FFE-8291-8FC6EF3F85A4}.Debug|Any CPU.ActiveCfg = Debug|Any CPU
		{15793E00-EF26-4FFE-8291-8FC6EF3F85A4}.Debug|Any CPU.Build.0 = Debug|Any CPU
		{15793E00-EF26-4FFE-8291-8FC6EF3F85A4}.Release|Any CPU.ActiveCfg = Release|Any CPU
		{15793E00-EF26-4FFE-8291-8FC6EF3F85A4}.Release|Any CPU.Build.0 = Release|Any CPU
	EndGlobalSection
	GlobalSection(SolutionProperties) = preSolution
		HideSolutionNode = FALSE
	EndGlobalSection
	GlobalSection(ExtensibilityGlobals) = postSolution
		SolutionGuid = {BF73C395-8F69-4F5A-8C32-E2077296CD7C}
	EndGlobalSection
EndGlobal
